{
  "name": "agentos",
  "version": "0.1.0",
  "lockfileVersion": 3,
  "requires": true,
  "packages": {
    "": {
      "name": "agentos",
      "version": "0.1.0",
      "dependencies": {
        "@midnight-ntwrk/compact-runtime": "0.16.0"
      },
      "engines": {
        "node": ">=22"
      }
    },
    "node_modules/@midnight-ntwrk/compact-runtime": {
      "version": "0.16.0",
      "resolved": "https://registry.npmjs.org/@midnight-ntwrk/compact-runtime/-/compact-runtime-0.16.0.tgz",
      "integrity": "sha512-UR8+MI5zol+gkne17ZZru8xmZNf11xMgQJkiLT9KWsF+QD8Wuz1WONaqQLL0RAZ2aN2XlRsBFd0ViKDVh8prFw==",
      "license": "Apache-2.0",
      "dependencies": {
        "@midnight-ntwrk/onchain-runtime-v3": "^3.0.0",
        "@types/object-inspect": "^1.8.1",
        "object-inspect": "^1.12.3"
      }
    },
    "node_modules/@midnight-ntwrk/onchain-runtime-v3": {
      "version": "3.0.0",
      "resolved": "https://registry.npmjs.org/@midnight-ntwrk/onchain-runtime-v3/-/onchain-runtime-v3-3.0.0.tgz",
      "integrity": "sha512-HbFbUOsvgpEFy1OT0Ni2LMFk4jnMQS1em+H+Mof/B3DpnNKl0Lkx5QiulKOc6pyU4KPEagOqx4fYNyVXFwgZ7g=="
    },
    "node_modules/@types/object-inspect": {
      "version": "1.13.0",
      "resolved": "https://registry.npmjs.org/@types/object-inspect/-/object-inspect-1.13.0.tgz",
      "integrity": "sha512-lwGTVESDDV+XsQ1pH4UifpJ1f7OtXzQ6QBOX2Afq2bM/T3oOt8hF6exJMjjIjtEWeAN2YAo25J7HxWh97CCz9w==",
      "license": "MIT"
    },
    "node_modules/object-inspect": {
      "version": "1.13.4",
      "resolved": "https://registry.npmjs.org/object-inspect/-/object-inspect-1.13.4.tgz",
      "integrity": "sha512-W67iLl4J2EXEGTbfeHCffrjDfitvLANg0UlX3wFUUSTx92KXRFegMHUVgSqE+wvhAbi4WqjGg9czysTV2Epbew==",
      "license": "MIT",
      "engines": {
        "node": ">= 0.4"
      },
      "funding": {
        "url": "https://github.com/sponsors/ljharb"
      }
    }
  }
}
